
Microsoft Visual Studio Solution File, Format Version 11.00
# Visual Studio 2010
Project("{FAE04EC0-301F-11D3-BF4B-00C04F79EFBC}") = "Unity.2D.PixelPerfect.Tests", "Unity.2D.PixelPerfect.Tests.csproj", "{2C318AF5-905B-8C03-D86C-44754CCDE69C}"
EndProject
Project("{FAE04EC0-301F-11D3-BF4B-00C04F79EFBC}") = "UnityEngine.TestRunner", "UnityEngine.TestRunner.csproj", "{21B80AAA-E3F7-205D-899D-28FA9E4B691A}"
EndProject
Project("{FAE04EC0-301F-11D3-BF4B-00C04F79EFBC}") = "Unity.Mathematics", "Unity.Mathematics.csproj", "{848170CC-FF5C-A45B-9FDC-D92863B08611}"
EndProject
Project("{FAE04EC0-301F-11D3-BF4B-00C04F79EFBC}") = "Unity.2D.Animation.Triangle.Runtime", "Unity.2D.Animation.Triangle.Runtime.csproj", "{1EB951D8-E9F5-596A-7CE2-EAC199B54AEF}"
EndProject
Project("{FAE04EC0-301F-11D3-BF4B-00C04F79EFBC}") = "UnityEngine.UI.Tests", "UnityEngine.UI.Tests.csproj", "{4BC0A58B-42FA-FC3D-052C-0B2B507BF938}"
EndProject
Project("{FAE04EC0-301F-11D3-BF4B-00C04F79EFBC}") = "Unity.Timeline", "Unity.Timeline.csproj", "{E924B413-27F7-9A11-8777-08F18E37AFEC}"
EndProject
Project("{FAE04EC0-301F-11D3-BF4B-00C04F79EFBC}") = "UnityEngine.UI", "UnityEngine.UI.csproj", "{5475A778-CA18-C4CF-46C0-3679264F6358}"
EndProject
Project("{FAE04EC0-301F-11D3-BF4B-00C04F79EFBC}") = "Unity.TextMeshPro", "Unity.TextMeshPro.csproj", "{C94C22DA-4D33-FC08-2574-F38A940BE3B9}"
EndProject
Project("{FAE04EC0-301F-11D3-BF4B-00C04F79EFBC}") = "Unity.2D.Animation.Runtime", "Unity.2D.Animation.Runtime.csproj", "{FAAADE1E-161A-2B0F-EC38-182A689B0AC4}"
EndProject
Project("{FAE04EC0-301F-11D3-BF4B-00C04F79EFBC}") = "Unity.2D.IK.Runtime", "Unity.2D.IK.Runtime.csproj", "{AC6E675C-9765-EF17-75D1-85129A6C2546}"
EndProject
Project("{FAE04EC0-301F-11D3-BF4B-00C04F79EFBC}") = "Unity.2D.SpriteShape.Runtime", "Unity.2D.SpriteShape.Runtime.csproj", "{0E9C5075-FA99-6EEB-043A-D456507CC6B4}"
EndProject
Project("{FAE04EC0-301F-11D3-BF4B-00C04F79EFBC}") = "Unity.2D.PixelPerfect", "Unity.2D.PixelPerfect.csproj", "{C03FA1E3-A76C-85D4-2894-F9C4B900D85E}"
EndProject
Project("{FAE04EC0-301F-11D3-BF4B-00C04F79EFBC}") = "Assembly-CSharp", "Assembly-CSharp.csproj", "{8626B471-A3E1-4C3E-ADB4-8121C9D81BD3}"
EndProject
Project("{FAE04EC0-301F-11D3-BF4B-00C04F79EFBC}") = "Unity.2D.Common.Runtime", "Unity.2D.Common.Runtime.csproj", "{F993B2A9-0648-1BF6-EA6A-52311AC0038F}"
EndProject
Project("{FAE04EC0-301F-11D3-BF4B-00C04F79EFBC}") = "Unity.TextMeshPro.Tests", "Unity.TextMeshPro.Tests.csproj", "{A5C92419-BC85-F88F-80B2-BC9C9B34368D}"
EndProject
Project("{FAE04EC0-301F-11D3-BF4B-00C04F79EFBC}") = "Unity.InternalAPIEngineBridge.001", "Unity.InternalAPIEngineBridge.001.csproj", "{1C08ADBF-1BF0-2A89-B229-1AFF58197778}"
EndProject
Project("{FAE04EC0-301F-11D3-BF4B-00C04F79EFBC}") = "UnityEditor.TestRunner", "UnityEditor.TestRunner.csproj", "{EB9E21AF-C29E-1036-2E9A-501D2A16A8E0}"
EndProject
Project("{FAE04EC0-301F-11D3-BF4B-00C04F79EFBC}") = "Unity.PlasticSCM.Editor", "Unity.PlasticSCM.Editor.csproj", "{213C49EC-9B75-74AB-9F03-F055694A9D88}"
EndProject
Project("{FAE04EC0-301F-11D3-BF4B-00C04F79EFBC}") = "UnityEditor.UI", "UnityEditor.UI.csproj", "{35BF35DC-A242-4BED-8E85-C1901EE63C75}"
EndProject
Project("{FAE04EC0-301F-11D3-BF4B-00C04F79EFBC}") = "Unity.Timeline.Editor", "Unity.Timeline.Editor.csproj", "{2EADA6DF-4176-565E-C06A-E8CDEE712A9E}"
EndProject
Project("{FAE04EC0-301F-11D3-BF4B-00C04F79EFBC}") = "Unity.VisualStudio.Editor", "Unity.VisualStudio.Editor.csproj", "{E3C38547-FC48-B5E3-1F5C-56BD7E025377}"
EndProject
Project("{FAE04EC0-301F-11D3-BF4B-00C04F79EFBC}") = "Unity.2D.Psdimporter.Editor", "Unity.2D.Psdimporter.Editor.csproj", "{1D3617FB-EEC0-3FBE-F63D-2593F1CAA054}"
EndProject
Project("{FAE04EC0-301F-11D3-BF4B-00C04F79EFBC}") = "Unity.2D.Animation.Editor", "Unity.2D.Animation.Editor.csproj", "{9F7DDD13-11F6-18AF-E8C2-BF848FC45D7D}"
EndProject
Project("{FAE04EC0-301F-11D3-BF4B-00C04F79EFBC}") = "Unity.TextMeshPro.Editor", "Unity.TextMeshPro.Editor.csproj", "{24EDCB49-B3B2-1F62-8335-5EE3C127C00B}"
EndProject
Project("{FAE04EC0-301F-11D3-BF4B-00C04F79EFBC}") = "Unity.2D.SpriteShape.Editor", "Unity.2D.SpriteShape.Editor.csproj", "{E5F9B58C-511A-A07C-B05D-364D50CB36C6}"
EndProject
Project("{FAE04EC0-301F-11D3-BF4B-00C04F79EFBC}") = "Unity.CollabProxy.Editor", "Unity.CollabProxy.Editor.csproj", "{D47C48FF-B9ED-FD93-3CBC-865A8C60E772}"
EndProject
Project("{FAE04EC0-301F-11D3-BF4B-00C04F79EFBC}") = "PsdPlugin", "PsdPlugin.csproj", "{C53EF569-78E9-0157-E18E-3298477C8FBF}"
EndProject
Project("{FAE04EC0-301F-11D3-BF4B-00C04F79EFBC}") = "DocCodeExamples", "DocCodeExamples.csproj", "{09CA1F67-908C-8E4F-2EAA-FE1868898863}"
EndProject
Project("{FAE04EC0-301F-11D3-BF4B-00C04F79EFBC}") = "Unity.2D.Path.Editor", "Unity.2D.Path.Editor.csproj", "{DD8AFB5D-D807-4AD0-0569-55E086A3866A}"
EndProject
Project("{FAE04EC0-301F-11D3-BF4B-00C04F79EFBC}") = "Unity.Mathematics.Tests", "Unity.Mathematics.Tests.csproj", "{7D8BBCC5-3951-CE50-1188-68F6EB179098}"
EndProject
Project("{FAE04EC0-301F-11D3-BF4B-00C04F79EFBC}") = "Unity.PlasticSCM.EditorTests", "Unity.PlasticSCM.EditorTests.csproj", "{814096E6-D34F-5C30-8843-777367BEBAA7}"
EndProject
Project("{FAE04EC0-301F-11D3-BF4B-00C04F79EFBC}") = "Unity.Rider.Editor", "Unity.Rider.Editor.csproj", "{63B611D6-8C4C-CC0D-7B3F-B7129AF06F10}"
EndProject
Project("{FAE04EC0-301F-11D3-BF4B-00C04F79EFBC}") = "UnityEditor.UI.EditorTests", "UnityEditor.UI.EditorTests.csproj", "{2899A06B-58D6-9627-3BC1-CE2293C5F519}"
EndProject
Project("{FAE04EC0-301F-11D3-BF4B-00C04F79EFBC}") = "Unity.CollabProxy.EditorTests", "Unity.CollabProxy.EditorTests.csproj", "{9617E5D1-8AB4-B3E4-557F-8E5615BF4C7C}"
EndProject
Project("{FAE04EC0-301F-11D3-BF4B-00C04F79EFBC}") = "Unity.2D.IK.Editor", "Unity.2D.IK.Editor.csproj", "{47A13C13-883A-9F75-B9FF-D7842AA0B0E6}"
EndProject
Project("{FAE04EC0-301F-11D3-BF4B-00C04F79EFBC}") = "Unity.2D.SpriteShape.EditorTests", "Unity.2D.SpriteShape.EditorTests.csproj", "{718C65BA-B88E-7805-6B35-E840BD80488D}"
EndProject
Project("{FAE04EC0-301F-11D3-BF4B-00C04F79EFBC}") = "Unity.2D.Sprite.Editor", "Unity.2D.Sprite.Editor.csproj", "{EBDB324F-0D51-9E36-0640-F27DF875D5CC}"
EndProject
Project("{FAE04EC0-301F-11D3-BF4B-00C04F79EFBC}") = "Unity.2D.Tilemap.Editor", "Unity.2D.Tilemap.Editor.csproj", "{6B85EEB8-844F-20CA-46DD-476E909D6458}"
EndProject
Project("{FAE04EC0-301F-11D3-BF4B-00C04F79EFBC}") = "Unity.2D.PixelPerfect.Editor", "Unity.2D.PixelPerfect.Editor.csproj", "{FE385C0F-5E3C-5B2D-D68F-A6471E5E0AA9}"
EndProject
Project("{FAE04EC0-301F-11D3-BF4B-00C04F79EFBC}") = "Unity.VSCode.Editor", "Unity.VSCode.Editor.csproj", "{5687E89E-204F-BF10-CA1B-A092BF832895}"
EndProject
Project("{FAE04EC0-301F-11D3-BF4B-00C04F79EFBC}") = "Unity.2D.Common.Editor", "Unity.2D.Common.Editor.csproj", "{13AAE843-F827-D20E-F84C-456891E4CC80}"
EndProject
Project("{FAE04EC0-301F-11D3-BF4B-00C04F79EFBC}") = "Unity.Mathematics.Editor", "Unity.Mathematics.Editor.csproj", "{CC2290A3-E9BD-E4F9-7724-AD2867D378FE}"
EndProject
Project("{FAE04EC0-301F-11D3-BF4B-00C04F79EFBC}") = "Unity.2D.PixelPerfect.Editor.Tests", "Unity.2D.PixelPerfect.Editor.Tests.csproj", "{7349883D-9A6D-EBD0-6455-895014A01755}"
EndProject
Project("{FAE04EC0-301F-11D3-BF4B-00C04F79EFBC}") = "Unity.2D.Common.EditorTests", "Unity.2D.Common.EditorTests.csproj", "{6B50D74B-EE84-70E1-1669-2A8EBABC4DAF}"
EndProject
Project("{FAE04EC0-301F-11D3-BF4B-00C04F79EFBC}") = "Unity.2D.Path.Tests", "Unity.2D.Path.Tests.csproj", "{DBA011B3-3908-37E9-03F1-B89AB954F297}"
EndProject
Project("{FAE04EC0-301F-11D3-BF4B-00C04F79EFBC}") = "Unity.InternalAPIEditorBridge.001", "Unity.InternalAPIEditorBridge.001.csproj", "{145E167C-764C-36B8-45E9-6D32EFE0770E}"
EndProject
Project("{FAE04EC0-301F-11D3-BF4B-00C04F79EFBC}") = "Unity.2D.Tilemap.Package.EditorTests", "Unity.2D.Tilemap.Package.EditorTests.csproj", "{614DC4EF-0D74-B9FE-5C3D-A00A061B32CD}"
EndProject
Project("{FAE04EC0-301F-11D3-BF4B-00C04F79EFBC}") = "Unity.2D.Psdimporter.EditorTests", "Unity.2D.Psdimporter.EditorTests.csproj", "{A8454495-5109-DF2B-04D3-E936444749CF}"
EndProject
Project("{FAE04EC0-301F-11D3-BF4B-00C04F79EFBC}") = "Unity.2D.Sprite.Package.EditorTests", "Unity.2D.Sprite.Package.EditorTests.csproj", "{9F26BA0F-C1A0-1B1B-D2D7-3958F4721FFE}"
EndProject
Project("{FAE04EC0-301F-11D3-BF4B-00C04F79EFBC}") = "Unity.TextMeshPro.Editor.Tests", "Unity.TextMeshPro.Editor.Tests.csproj", "{1A5A8120-65BE-3DF7-730E-8C2E6095B257}"
EndProject
Project("{FAE04EC0-301F-11D3-BF4B-00C04F79EFBC}") = "Unity.2D.Animation.EditorTests", "Unity.2D.Animation.EditorTests.csproj", "{660D44E9-4C3B-72F1-D6A0-D5156AE0A2CC}"
EndProject
Global
	GlobalSection(SolutionConfigurationPlatforms) = preSolution
		Debug|Any CPU = Debug|Any CPU
		Release|Any CPU = Release|Any CPU
	EndGlobalSection
	GlobalSection(ProjectConfigurationPlatforms) = postSolution
		{2C318AF5-905B-8C03-D86C-44754CCDE69C}.Debug|Any CPU.ActiveCfg = Debug|Any CPU
		{2C318AF5-905B-8C03-D86C-44754CCDE69C}.Debug|Any CPU.Build.0 = Debug|Any CPU
		{2C318AF5-905B-8C03-D86C-44754CCDE69C}.Release|Any CPU.ActiveCfg = Release|Any CPU
		{2C318AF5-905B-8C03-D86C-44754CCDE69C}.Release|Any CPU.Build.0 = Release|Any CPU
		{21B80AAA-E3F7-205D-899D-28FA9E4B691A}.Debug|Any CPU.ActiveCfg = Debug|Any CPU
		{21B80AAA-E3F7-205D-899D-28FA9E4B691A}.Debug|Any CPU.Build.0 = Debug|Any CPU
		{21B80AAA-E3F7-205D-899D-28FA9E4B691A}.Release|Any CPU.ActiveCfg = Release|Any CPU
		{21B80AAA-E3F7-205D-899D-28FA9E4B691A}.Release|Any CPU.Build.0 = Release|Any CPU
		{848170CC-FF5C-A45B-9FDC-D92863B08611}.Debug|Any CPU.ActiveCfg = Debug|Any CPU
		{848170CC-FF5C-A45B-9FDC-D92863B08611}.Debug|Any CPU.Build.0 = Debug|Any CPU
		{848170CC-FF5C-A45B-9FDC-D92863B08611}.Release|Any CPU.ActiveCfg = Release|Any CPU
		{848170CC-FF5C-A45B-9FDC-D92863B08611}.Release|Any CPU.Build.0 = Release|Any CPU
		{1EB951D8-E9F5-596A-7CE2-EAC199B54AEF}.Debug|Any CPU.ActiveCfg = Debug|Any CPU
		{1EB951D8-E9F5-596A-7CE2-EAC199B54AEF}.Debug|Any CPU.Build.0 = Debug|Any CPU
		{1EB951D8-E9F5-596A-7CE2-EAC199B54AEF}.Release|Any CPU.ActiveCfg = Release|Any CPU
		{1EB951D8-E9F5-596A-7CE2-EAC199B54AEF}.Release|Any CPU.Build.0 = Release|Any CPU
		{4BC0A58B-42FA-FC3D-052C-0B2B507BF938}.Debug|Any CPU.ActiveCfg = Debug|Any CPU
		{4BC0A58B-42FA-FC3D-052C-0B2B507BF938}.Debug|Any CPU.Build.0 = Debug|Any CPU
		{4BC0A58B-42FA-FC3D-052C-0B2B507BF938}.Release|Any CPU.ActiveCfg = Release|Any CPU
		{4BC0A58B-42FA-FC3D-052C-0B2B507BF938}.Release|Any CPU.Build.0 = Release|Any CPU
		{E924B413-27F7-9A11-8777-08F18E37AFEC}.Debug|Any CPU.ActiveCfg = Debug|Any CPU
		{E924B413-27F7-9A11-8777-08F18E37AFEC}.Debug|Any CPU.Build.0 = Debug|Any CPU
		{E924B413-27F7-9A11-8777-08F18E37AFEC}.Release|Any CPU.ActiveCfg = Release|Any CPU
		{E924B413-27F7-9A11-8777-08F18E37AFEC}.Release|Any CPU.Build.0 = Release|Any CPU
		{5475A778-CA18-C4CF-46C0-3679264F6358}.Debug|Any CPU.ActiveCfg = Debug|Any CPU
		{5475A778-CA18-C4CF-46C0-3679264F6358}.Debug|Any CPU.Build.0 = Debug|Any CPU
		{5475A778-CA18-C4CF-46C0-3679264F6358}.Release|Any CPU.ActiveCfg = Release|Any CPU
		{5475A778-CA18-C4CF-46C0-3679264F6358}.Release|Any CPU.Build.0 = Release|Any CPU
		{C94C22DA-4D33-FC08-2574-F38A940BE3B9}.Debug|Any CPU.ActiveCfg = Debug|Any CPU
		{C94C22DA-4D33-FC08-2574-F38A940BE3B9}.Debug|Any CPU.Build.0 = Debug|Any CPU
		{C94C22DA-4D33-FC08-2574-F38A940BE3B9}.Release|Any CPU.ActiveCfg = Release|Any CPU
		{C94C22DA-4D33-FC08-2574-F38A940BE3B9}.Release|Any CPU.Build.0 = Release|Any CPU
		{FAAADE1E-161A-2B0F-EC38-182A689B0AC4}.Debug|Any CPU.ActiveCfg = Debug|Any CPU
		{FAAADE1E-161A-2B0F-EC38-182A689B0AC4}.Debug|Any CPU.Build.0 = Debug|Any CPU
		{FAAADE1E-161A-2B0F-EC38-182A689B0AC4}.Release|Any CPU.ActiveCfg = Release|Any CPU
		{FAAADE1E-161A-2B0F-EC38-182A689B0AC4}.Release|Any CPU.Build.0 = Release|Any CPU
		{AC6E675C-9765-EF17-75D1-85129A6C2546}.Debug|Any CPU.ActiveCfg = Debug|Any CPU
		{AC6E675C-9765-EF17-75D1-85129A6C2546}.Debug|Any CPU.Build.0 = Debug|Any CPU
		{AC6E675C-9765-EF17-75D1-85129A6C2546}.Release|Any CPU.ActiveCfg = Release|Any CPU
		{AC6E675C-9765-EF17-75D1-85129A6C2546}.Release|Any CPU.Build.0 = Release|Any CPU
		{0E9C5075-FA99-6EEB-043A-D456507CC6B4}.Debug|Any CPU.ActiveCfg = Debug|Any CPU
		{0E9C5075-FA99-6EEB-043A-D456507CC6B4}.Debug|Any CPU.Build.0 = Debug|Any CPU
		{0E9C5075-FA99-6EEB-043A-D456507CC6B4}.Release|Any CPU.ActiveCfg = Release|Any CPU
		{0E9C5075-FA99-6EEB-043A-D456507CC6B4}.Release|Any CPU.Build.0 = Release|Any CPU
		{C03FA1E3-A76C-85D4-2894-F9C4B900D85E}.Debug|Any CPU.ActiveCfg = Debug|Any CPU
		{C03FA1E3-A76C-85D4-2894-F9C4B900D85E}.Debug|Any CPU.Build.0 = Debug|Any CPU
		{C03FA1E3-A76C-85D4-2894-F9C4B900D85E}.Release|Any CPU.ActiveCfg = Release|Any CPU
		{C03FA1E3-A76C-85D4-2894-F9C4B900D85E}.Release|Any CPU.Build.0 = Release|Any CPU
		{8626B471-A3E1-4C3E-ADB4-8121C9D81BD3}.Debug|Any CPU.ActiveCfg = Debug|Any CPU
		{8626B471-A3E1-4C3E-ADB4-8121C9D81BD3}.Debug|Any CPU.Build.0 = Debug|Any CPU
		{8626B471-A3E1-4C3E-ADB4-8121C9D81BD3}.Release|Any CPU.ActiveCfg = Release|Any CPU
		{8626B471-A3E1-4C3E-ADB4-8121C9D81BD3}.Release|Any CPU.Build.0 = Release|Any CPU
		{F993B2A9-0648-1BF6-EA6A-52311AC0038F}.Debug|Any CPU.ActiveCfg = Debug|Any CPU
		{F993B2A9-0648-1BF6-EA6A-52311AC0038F}.Debug|Any CPU.Build.0 = Debug|Any CPU
		{F993B2A9-0648-1BF6-EA6A-52311AC0038F}.Release|Any CPU.ActiveCfg = Release|Any CPU
		{F993B2A9-0648-1BF6-EA6A-52311AC0038F}.Release|Any CPU.Build.0 = Release|Any CPU
		{A5C92419-BC85-F88F-80B2-BC9C9B34368D}.Debug|Any CPU.ActiveCfg = Debug|Any CPU
		{A5C92419-BC85-F88F-80B2-BC9C9B34368D}.Debug|Any CPU.Build.0 = Debug|Any CPU
		{A5C92419-BC85-F88F-80B2-BC9C9B34368D}.Release|Any CPU.ActiveCfg = Release|Any CPU
		{A5C92419-BC85-F88F-80B2-BC9C9B34368D}.Release|Any CPU.Build.0 = Release|Any CPU
		{1C08ADBF-1BF0-2A89-B229-1AFF58197778}.Debug|Any CPU.ActiveCfg = Debug|Any CPU
		{1C08ADBF-1BF0-2A89-B229-1AFF58197778}.Debug|Any CPU.Build.0 = Debug|Any CPU
		{1C08ADBF-1BF0-2A89-B229-1AFF58197778}.Release|Any CPU.ActiveCfg = Release|Any CPU
		{1C08ADBF-1BF0-2A89-B229-1AFF58197778}.Release|Any CPU.Build.0 = Release|Any CPU
		{EB9E21AF-C29E-1036-2E9A-501D2A16A8E0}.Debug|Any CPU.ActiveCfg = Debug|Any CPU
		{EB9E21AF-C29E-1036-2E9A-501D2A16A8E0}.Debug|Any CPU.Build.0 = Debug|Any CPU
		{EB9E21AF-C29E-1036-2E9A-501D2A16A8E0}.Release|Any CPU.ActiveCfg = Release|Any CPU
		{EB9E21AF-C29E-1036-2E9A-501D2A16A8E0}.Release|Any CPU.Build.0 = Release|Any CPU
		{213C49EC-9B75-74AB-9F03-F055694A9D88}.Debug|Any CPU.ActiveCfg = Debug|Any CPU
		{213C49EC-9B75-74AB-9F03-F055694A9D88}.Debug|Any CPU.Build.0 = Debug|Any CPU
		{213C49EC-9B75-74AB-9F03-F055694A9D88}.Release|Any CPU.ActiveCfg = Release|Any CPU
		{213C49EC-9B75-74AB-9F03-F055694A9D88}.Release|Any CPU.Build.0 = Release|Any CPU
		{35BF35DC-A242-4BED-8E85-C1901EE63C75}.Debug|Any CPU.ActiveCfg = Debug|Any CPU
		{35BF35DC-A242-4BED-8E85-C1901EE63C75}.Debug|Any CPU.Build.0 = Debug|Any CPU
		{35BF35DC-A242-4BED-8E85-C1901EE63C75}.Release|Any CPU.ActiveCfg = Release|Any CPU
		{35BF35DC-A242-4BED-8E85-C1901EE63C75}.Release|Any CPU.Build.0 = Release|Any CPU
		{2EADA6DF-4176-565E-C06A-E8CDEE712A9E}.Debug|Any CPU.ActiveCfg = Debug|Any CPU
		{2EADA6DF-4176-565E-C06A-E8CDEE712A9E}.Debug|Any CPU.Build.0 = Debug|Any CPU
		{2EADA6DF-4176-565E-C06A-E8CDEE712A9E}.Release|Any CPU.ActiveCfg = Release|Any CPU
		{2EADA6DF-4176-565E-C06A-E8CDEE712A9E}.Release|Any CPU.Build.0 = Release|Any CPU
		{E3C38547-FC48-B5E3-1F5C-56BD7E025377}.Debug|Any CPU.ActiveCfg = Debug|Any CPU
		{E3C38547-FC48-B5E3-1F5C-56BD7E025377}.Debug|Any CPU.Build.0 = Debug|Any CPU
		{E3C38547-FC48-B5E3-1F5C-56BD7E025377}.Release|Any CPU.ActiveCfg = Release|Any CPU
		{E3C38547-FC48-B5E3-1F5C-56BD7E025377}.Release|Any CPU.Build.0 = Release|Any CPU
		{1D3617FB-EEC0-3FBE-F63D-2593F1CAA054}.Debug|Any CPU.ActiveCfg = Debug|Any CPU
		{1D3617FB-EEC0-3FBE-F63D-2593F1CAA054}.Debug|Any CPU.Build.0 = Debug|Any CPU
		{1D3617FB-EEC0-3FBE-F63D-2593F1CAA054}.Release|Any CPU.ActiveCfg = Release|Any CPU
		{1D3617FB-EEC0-3FBE-F63D-2593F1CAA054}.Release|Any CPU.Build.0 = Release|Any CPU
		{9F7DDD13-11F6-18AF-E8C2-BF848FC45D7D}.Debug|Any CPU.ActiveCfg = Debug|Any CPU
		{9F7DDD13-11F6-18AF-E8C2-BF848FC45D7D}.Debug|Any CPU.Build.0 = Debug|Any CPU
		{9F7DDD13-11F6-18AF-E8C2-BF848FC45D7D}.Release|Any CPU.ActiveCfg = Release|Any CPU
		{9F7DDD13-11F6-18AF-E8C2-BF848FC45D7D}.Release|Any CPU.Build.0 = Release|Any CPU
		{24EDCB49-B3B2-1F62-8335-5EE3C127C00B}.Debug|Any CPU.ActiveCfg = Debug|Any CPU
		{24EDCB49-B3B2-1F62-8335-5EE3C127C00B}.Debug|Any CPU.Build.0 = Debug|Any CPU
		{24EDCB49-B3B2-1F62-8335-5EE3C127C00B}.Release|Any CPU.ActiveCfg = Release|Any CPU
		{24EDCB49-B3B2-1F62-8335-5EE3C127C00B}.Release|Any CPU.Build.0 = Release|Any CPU
		{E5F9B58C-511A-A07C-B05D-364D50CB36C6}.Debug|Any CPU.ActiveCfg = Debug|Any CPU
		{E5F9B58C-511A-A07C-B05D-364D50CB36C6}.Debug|Any CPU.Build.0 = Debug|Any CPU
		{E5F9B58C-511A-A07C-B05D-364D50CB36C6}.Release|Any CPU.ActiveCfg = Release|Any CPU
		{E5F9B58C-511A-A07C-B05D-364D50CB36C6}.Release|Any CPU.Build.0 = Release|Any CPU
		{D47C48FF-B9ED-FD93-3CBC-865A8C60E772}.Debug|Any CPU.ActiveCfg = Debug|Any CPU
		{D47C48FF-B9ED-FD93-3CBC-865A8C60E772}.Debug|Any CPU.Build.0 = Debug|Any CPU
		{D47C48FF-B9ED-FD93-3CBC-865A8C60E772}.Release|Any CPU.ActiveCfg = Release|Any CPU
		{D47C48FF-B9ED-FD93-3CBC-865A8C60E772}.Release|Any CPU.Build.0 = Release|Any CPU
		{C53EF569-78E9-0157-E18E-3298477C8FBF}.Debug|Any CPU.ActiveCfg = Debug|Any CPU
		{C53EF569-78E9-0157-E18E-3298477C8FBF}.Debug|Any CPU.Build.0 = Debug|Any CPU
		{C53EF569-78E9-0157-E18E-3298477C8FBF}.Release|Any CPU.ActiveCfg = Release|Any CPU
		{C53EF569-78E9-0157-E18E-3298477C8FBF}.Release|Any CPU.Build.0 = Release|Any CPU
		{09CA1F67-908C-8E4F-2EAA-FE1868898863}.Debug|Any CPU.ActiveCfg = Debug|Any CPU
		{09CA1F67-908C-8E4F-2EAA-FE1868898863}.Debug|Any CPU.Build.0 = Debug|Any CPU
		{09CA1F67-908C-8E4F-2EAA-FE1868898863}.Release|Any CPU.ActiveCfg = Release|Any CPU
		{09CA1F67-908C-8E4F-2EAA-FE1868898863}.Release|Any CPU.Build.0 = Release|Any CPU
		{DD8AFB5D-D807-4AD0-0569-55E086A3866A}.Debug|Any CPU.ActiveCfg = Debug|Any CPU
		{DD8AFB5D-D807-4AD0-0569-55E086A3866A}.Debug|Any CPU.Build.0 = Debug|Any CPU
		{DD8AFB5D-D807-4AD0-0569-55E086A3866A}.Release|Any CPU.ActiveCfg = Release|Any CPU
		{DD8AFB5D-D807-4AD0-0569-55E086A3866A}.Release|Any CPU.Build.0 = Release|Any CPU
		{7D8BBCC5-3951-CE50-1188-68F6EB179098}.Debug|Any CPU.ActiveCfg = Debug|Any CPU
		{7D8BBCC5-3951-CE50-1188-68F6EB179098}.Debug|Any CPU.Build.0 = Debug|Any CPU
		{7D8BBCC5-3951-CE50-1188-68F6EB179098}.Release|Any CPU.ActiveCfg = Release|Any CPU
		{7D8BBCC5-3951-CE50-1188-68F6EB179098}.Release|Any CPU.Build.0 = Release|Any CPU
		{814096E6-D34F-5C30-8843-777367BEBAA7}.Debug|Any CPU.ActiveCfg = Debug|Any CPU
		{814096E6-D34F-5C30-8843-777367BEBAA7}.Debug|Any CPU.Build.0 = Debug|Any CPU
		{814096E6-D34F-5C30-8843-777367BEBAA7}.Release|Any CPU.ActiveCfg = Release|Any CPU
		{814096E6-D34F-5C30-8843-777367BEBAA7}.Release|Any CPU.Build.0 = Release|Any CPU
		{63B611D6-8C4C-CC0D-7B3F-B7129AF06F10}.Debug|Any CPU.ActiveCfg = Debug|Any CPU
		{63B611D6-8C4C-CC0D-7B3F-B7129AF06F10}.Debug|Any CPU.Build.0 = Debug|Any CPU
		{63B611D6-8C4C-CC0D-7B3F-B7129AF06F10}.Release|Any CPU.ActiveCfg = Release|Any CPU
		{63B611D6-8C4C-CC0D-7B3F-B7129AF06F10}.Release|Any CPU.Build.0 = Release|Any CPU
		{2899A06B-58D6-9627-3BC1-CE2293C5F519}.Debug|Any CPU.ActiveCfg = Debug|Any CPU
		{2899A06B-58D6-9627-3BC1-CE2293C5F519}.Debug|Any CPU.Build.0 = Debug|Any CPU
		{2899A06B-58D6-9627-3BC1-CE2293C5F519}.Release|Any CPU.ActiveCfg = Release|Any CPU
		{2899A06B-58D6-9627-3BC1-CE2293C5F519}.Release|Any CPU.Build.0 = Release|Any CPU
		{9617E5D1-8AB4-B3E4-557F-8E5615BF4C7C}.Debug|Any CPU.ActiveCfg = Debug|Any CPU
		{9617E5D1-8AB4-B3E4-557F-8E5615BF4C7C}.Debug|Any CPU.Build.0 = Debug|Any CPU
		{9617E5D1-8AB4-B3E4-557F-8E5615BF4C7C}.Release|Any CPU.ActiveCfg = Release|Any CPU
		{9617E5D1-8AB4-B3E4-557F-8E5615BF4C7C}.Release|Any CPU.Build.0 = Release|Any CPU
		{47A13C13-883A-9F75-B9FF-D7842AA0B0E6}.Debug|Any CPU.ActiveCfg = Debug|Any CPU
		{47A13C13-883A-9F75-B9FF-D7842AA0B0E6}.Debug|Any CPU.Build.0 = Debug|Any CPU
		{47A13C13-883A-9F75-B9FF-D7842AA0B0E6}.Release|Any CPU.ActiveCfg = Release|Any CPU
		{47A13C13-883A-9F75-B9FF-D7842AA0B0E6}.Release|Any CPU.Build.0 = Release|Any CPU
		{718C65BA-B88E-7805-6B35-E840BD80488D}.Debug|Any CPU.ActiveCfg = Debug|Any CPU
		{718C65BA-B88E-7805-6B35-E840BD80488D}.Debug|Any CPU.Build.0 = Debug|Any CPU
		{718C65BA-B88E-7805-6B35-E840BD80488D}.Release|Any CPU.ActiveCfg = Release|Any CPU
		{718C65BA-B88E-7805-6B35-E840BD80488D}.Release|Any CPU.Build.0 = Release|Any CPU
		{EBDB324F-0D51-9E36-0640-F27DF875D5CC}.Debug|Any CPU.ActiveCfg = Debug|Any CPU
		{EBDB324F-0D51-9E36-0640-F27DF875D5CC}.Debug|Any CPU.Build.0 = Debug|Any CPU
		{EBDB324F-0D51-9E36-0640-F27DF875D5CC}.Release|Any CPU.ActiveCfg = Release|Any CPU
		{EBDB324F-0D51-9E36-0640-F27DF875D5CC}.Release|Any CPU.Build.0 = Release|Any CPU
		{6B85EEB8-844F-20CA-46DD-476E909D6458}.Debug|Any CPU.ActiveCfg = Debug|Any CPU
		{6B85EEB8-844F-20CA-46DD-476E909D6458}.Debug|Any CPU.Build.0 = Debug|Any CPU
		{6B85EEB8-844F-20CA-46DD-476E909D6458}.Release|Any CPU.ActiveCfg = Release|Any CPU
		{6B85EEB8-844F-20CA-46DD-476E909D6458}.Release|Any CPU.Build.0 = Release|Any CPU
		{FE385C0F-5E3C-5B2D-D68F-A6471E5E0AA9}.Debug|Any CPU.ActiveCfg = Debug|Any CPU
		{FE385C0F-5E3C-5B2D-D68F-A6471E5E0AA9}.Debug|Any CPU.Build.0 = Debug|Any CPU
		{FE385C0F-5E3C-5B2D-D68F-A6471E5E0AA9}.Release|Any CPU.ActiveCfg = Release|Any CPU
		{FE385C0F-5E3C-5B2D-D68F-A6471E5E0AA9}.Release|Any CPU.Build.0 = Release|Any CPU
		{5687E89E-204F-BF10-CA1B-A092BF832895}.Debug|Any CPU.ActiveCfg = Debug|Any CPU
		{5687E89E-204F-BF10-CA1B-A092BF832895}.Debug|Any CPU.Build.0 = Debug|Any CPU
		{5687E89E-204F-BF10-CA1B-A092BF832895}.Release|Any CPU.ActiveCfg = Release|Any CPU
		{5687E89E-204F-BF10-CA1B-A092BF832895}.Release|Any CPU.Build.0 = Release|Any CPU
		{13AAE843-F827-D20E-F84C-456891E4CC80}.Debug|Any CPU.ActiveCfg = Debug|Any CPU
		{13AAE843-F827-D20E-F84C-456891E4CC80}.Debug|Any CPU.Build.0 = Debug|Any CPU
		{13AAE843-F827-D20E-F84C-456891E4CC80}.Release|Any CPU.ActiveCfg = Release|Any CPU
		{13AAE843-F827-D20E-F84C-456891E4CC80}.Release|Any CPU.Build.0 = Release|Any CPU
		{CC2290A3-E9BD-E4F9-7724-AD2867D378FE}.Debug|Any CPU.ActiveCfg = Debug|Any CPU
		{CC2290A3-E9BD-E4F9-7724-AD2867D378FE}.Debug|Any CPU.Build.0 = Debug|Any CPU
		{CC2290A3-E9BD-E4F9-7724-AD2867D378FE}.Release|Any CPU.ActiveCfg = Release|Any CPU
		{CC2290A3-E9BD-E4F9-7724-AD2867D378FE}.Release|Any CPU.Build.0 = Release|Any CPU
		{7349883D-9A6D-EBD0-6455-895014A01755}.Debug|Any CPU.ActiveCfg = Debug|Any CPU
		{7349883D-9A6D-EBD0-6455-895014A01755}.Debug|Any CPU.Build.0 = Debug|Any CPU
		{7349883D-9A6D-EBD0-6455-895014A01755}.Release|Any CPU.ActiveCfg = Release|Any CPU
		{7349883D-9A6D-EBD0-6455-895014A01755}.Release|Any CPU.Build.0 = Release|Any CPU
		{6B50D74B-EE84-70E1-1669-2A8EBABC4DAF}.Debug|Any CPU.ActiveCfg = Debug|Any CPU
		{6B50D74B-EE84-70E1-1669-2A8EBABC4DAF}.Debug|Any CPU.Build.0 = Debug|Any CPU
		{6B50D74B-EE84-70E1-1669-2A8EBABC4DAF}.Release|Any CPU.ActiveCfg = Release|Any CPU
		{6B50D74B-EE84-70E1-1669-2A8EBABC4DAF}.Release|Any CPU.Build.0 = Release|Any CPU
		{DBA011B3-3908-37E9-03F1-B89AB954F297}.Debug|Any CPU.ActiveCfg = Debug|Any CPU
		{DBA011B3-3908-37E9-03F1-B89AB954F297}.Debug|Any CPU.Build.0 = Debug|Any CPU
		{DBA011B3-3908-37E9-03F1-B89AB954F297}.Release|Any CPU.ActiveCfg = Release|Any CPU
		{DBA011B3-3908-37E9-03F1-B89AB954F297}.Release|Any CPU.Build.0 = Release|Any CPU
		{145E167C-764C-36B8-45E9-6D32EFE0770E}.Debug|Any CPU.ActiveCfg = Debug|Any CPU
		{145E167C-764C-36B8-45E9-6D32EFE0770E}.Debug|Any CPU.Build.0 = Debug|Any CPU
		{145E167C-764C-36B8-45E9-6D32EFE0770E}.Release|Any CPU.ActiveCfg = Release|Any CPU
		{145E167C-764C-36B8-45E9-6D32EFE0770E}.Release|Any CPU.Build.0 = Release|Any CPU
		{614DC4EF-0D74-B9FE-5C3D-A00A061B32CD}.Debug|Any CPU.ActiveCfg = Debug|Any CPU
		{614DC4EF-0D74-B9FE-5C3D-A00A061B32CD}.Debug|Any CPU.Build.0 = Debug|Any CPU
		{614DC4EF-0D74-B9FE-5C3D-A00A061B32CD}.Release|Any CPU.ActiveCfg = Release|Any CPU
		{614DC4EF-0D74-B9FE-5C3D-A00A061B32CD}.Release|Any CPU.Build.0 = Release|Any CPU
		{A8454495-5109-DF2B-04D3-E936444749CF}.Debug|Any CPU.ActiveCfg = Debug|Any CPU
		{A8454495-5109-DF2B-04D3-E936444749CF}.Debug|Any CPU.Build.0 = Debug|Any CPU
		{A8454495-5109-DF2B-04D3-E936444749CF}.Release|Any CPU.ActiveCfg = Release|Any CPU
		{A8454495-5109-DF2B-04D3-E936444749CF}.Release|Any CPU.Build.0 = Release|Any CPU
		{9F26BA0F-C1A0-1B1B-D2D7-3958F4721FFE}.Debug|Any CPU.ActiveCfg = Debug|Any CPU
		{9F26BA0F-C1A0-1B1B-D2D7-3958F4721FFE}.Debug|Any CPU.Build.0 = Debug|Any CPU
		{9F26BA0F-C1A0-1B1B-D2D7-3958F4721FFE}.Release|Any CPU.ActiveCfg = Release|Any CPU
		{9F26BA0F-C1A0-1B1B-D2D7-3958F4721FFE}.Release|Any CPU.Build.0 = Release|Any CPU
		{1A5A8120-65BE-3DF7-730E-8C2E6095B257}.Debug|Any CPU.ActiveCfg = Debug|Any CPU
		{1A5A8120-65BE-3DF7-730E-8C2E6095B257}.Debug|Any CPU.Build.0 = Debug|Any CPU
		{1A5A8120-65BE-3DF7-730E-8C2E6095B257}.Release|Any CPU.ActiveCfg = Release|Any CPU
		{1A5A8120-65BE-3DF7-730E-8C2E6095B257}.Release|Any CPU.Build.0 = Release|Any CPU
		{660D44E9-4C3B-72F1-D6A0-D5156AE0A2CC}.Debug|Any CPU.ActiveCfg = Debug|Any CPU
		{660D44E9-4C3B-72F1-D6A0-D5156AE0A2CC}.Debug|Any CPU.Build.0 = Debug|Any CPU
		{660D44E9-4C3B-72F1-D6A0-D5156AE0A2CC}.Release|Any CPU.ActiveCfg = Release|Any CPU
		{660D44E9-4C3B-72F1-D6A0-D5156AE0A2CC}.Release|Any CPU.Build.0 = Release|Any CPU
	EndGlobalSection
	GlobalSection(SolutionProperties) = preSolution
		HideSolutionNode = FALSE
	EndGlobalSection
EndGlobal
